// !$*UTF8*$!
{
	archiveVersion = 1;
	classes = {
	};
	objectVersion = 50;
	objects = {

/* Begin PBXBuildFile section */
		4993F0A42171EA05004FC73C /* AppDelegate.swift in Sources */ = {isa = PBXBuildFile; fileRef = 4993F0A32171EA05004FC73C /* AppDelegate.swift */; };
		4993F0A62171EA05004FC73C /* ViewController.swift in Sources */ = {isa = PBXBuildFile; fileRef = 4993F0A52171EA05004FC73C /* ViewController.swift */; };
		4993F0A92171EA05004FC73C /* Main.storyboard in Resources */ = {isa = PBXBuildFile; fileRef = 4993F0A72171EA05004FC73C /* Main.storyboard */; };
		4993F0AC2171EA05004FC73C /* Weather.xcdatamodeld in Sources */ = {isa = PBXBuildFile; fileRef = 4993F0AA2171EA05004FC73C /* Weather.xcdatamodeld */; };
		4993F0AE2171EA09004FC73C /* Assets.xcassets in Resources */ = {isa = PBXBuildFile; fileRef = 4993F0AD2171EA09004FC73C /* Assets.xcassets */; };
		4993F0B12171EA09004FC73C /* LaunchScreen.storyboard in Resources */ = {isa = PBXBuildFile; fileRef = 4993F0AF2171EA09004FC73C /* LaunchScreen.storyboard */; };
		4993F0BC2171EA09004FC73C /* WeatherTests.swift in Sources */ = {isa = PBXBuildFile; fileRef = 4993F0BB2171EA09004FC73C /* WeatherTests.swift */; };
		4993F0C72171EA0A004FC73C /* WeatherUITests.swift in Sources */ = {isa = PBXBuildFile; fileRef = 4993F0C62171EA0A004FC73C /* WeatherUITests.swift */; };
		4993F0D52171FD1C004FC73C /* DayWeather.swift in Sources */ = {isa = PBXBuildFile; fileRef = 4993F0D42171FD1C004FC73C /* DayWeather.swift */; };
/* End PBXBuildFile section */

/* Begin PBXContainerItemProxy section */
		4993F0B82171EA09004FC73C /* PBXContainerItemProxy */ = {
			isa = PBXContainerItemProxy;
			containerPortal = 4993F0982171EA05004FC73C /* Project object */;
			proxyType = 1;
			remoteGlobalIDString = 4993F09F2171EA05004FC73C;
			remoteInfo = Weather;
		};
		4993F0C32171EA09004FC73C /* PBXContainerItemProxy */ = {
			isa = PBXContainerItemProxy;
			containerPortal = 4993F0982171EA05004FC73C /* Project object */;
			proxyType = 1;
			remoteGlobalIDString = 4993F09F2171EA05004FC73C;
			remoteInfo = Weather;
		};
/* End PBXContainerItemProxy section */

/* Begin PBXFileReference section */
		4993F0A02171EA05004FC73C /* Weather.app */ = {isa = PBXFileReference; explicitFileType = wrapper.application; includeInIndex = 0; path = Weather.app; sourceTree = BUILT_PRODUCTS_DIR; };
		4993F0A32171EA05004FC73C /* AppDelegate.swift */ = {isa = PBXFileReference; lastKnownFileType = sourcecode.swift; path = AppDelegate.swift; sourceTree = "<group>"; };
		4993F0A52171EA05004FC73C /* ViewController.swift */ = {isa = PBXFileReference; lastKnownFileType = sourcecode.swift; path = ViewController.swift; sourceTree = "<group>"; };
		4993F0A82171EA05004FC73C /* Base */ = {isa = PBXFileReference; lastKnownFileType = file.storyboard; name = Base; path = Base.lproj/Main.storyboard; sourceTree = "<group>"; };
		4993F0AB2171EA05004FC73C /* Weather.xcdatamodel */ = {isa = PBXFileReference; lastKnownFileType = wrapper.xcdatamodel; path = Weather.xcdatamodel; sourceTree = "<group>"; };
		4993F0AD2171EA09004FC73C /* Assets.xcassets */ = {isa = PBXFileReference; lastKnownFileType = folder.assetcatalog; path = Assets.xcassets; sourceTree = "<group>"; };
		4993F0B02171EA09004FC73C /* Base */ = {isa = PBXFileReference; lastKnownFileType = file.storyboard; name = Base; path = Base.lproj/LaunchScreen.storyboard; sourceTree = "<group>"; };
		4993F0B22171EA09004FC73C /* Info.plist */ = {isa = PBXFileReference; lastKnownFileType = text.plist.xml; path = Info.plist; sourceTree = "<group>"; };
		4993F0B72171EA09004FC73C /* WeatherTests.xctest */ = {isa = PBXFileReference; explicitFileType = wrapper.cfbundle; includeInIndex = 0; path = WeatherTests.xctest; sourceTree = BUILT_PRODUCTS_DIR; };
		4993F0BB2171EA09004FC73C /* WeatherTests.swift */ = {isa = PBXFileReference; lastKnownFileType = sourcecode.swift; path = WeatherTests.swift; sourceTree = "<group>"; };
		4993F0BD2171EA09004FC73C /* Info.plist */ = {isa = PBXFileReference; lastKnownFileType = text.plist.xml; path = Info.plist; sourceTree = "<group>"; };
		4993F0C22171EA09004FC73C /* WeatherUITests.xctest */ = {isa = PBXFileReference; explicitFileType = wrapper.cfbundle; includeInIndex = 0; path = WeatherUITests.xctest; sourceTree = BUILT_PRODUCTS_DIR; };
		4993F0C62171EA0A004FC73C /* WeatherUITests.swift */ = {isa = PBXFileReference; lastKnownFileType = sourcecode.swift; path = WeatherUITests.swift; sourceTree = "<group>"; };
		4993F0C82171EA0A004FC73C /* Info.plist */ = {isa = PBXFileReference; lastKnownFileType = text.plist.xml; path = Info.plist; sourceTree = "<group>"; };
		4993F0D42171FD1C004FC73C /* DayWeather.swift */ = {isa = PBXFileReference; lastKnownFileType = sourcecode.swift; path = DayWeather.swift; sourceTree = "<group>"; };
/* End PBXFileReference section */

/* Begin PBXFrameworksBuildPhase section */
		4993F09D2171EA05004FC73C /* Frameworks */ = {
			isa = PBXFrameworksBuildPhase;
			buildActionMask = 2147483647;
			files = (
			);
			runOnlyForDeploymentPostprocessing = 0;
		};
		4993F0B42171EA09004FC73C /* Frameworks */ = {
			isa = PBXFrameworksBuildPhase;
			buildActionMask = 2147483647;
			files = (
			);
			runOnlyForDeploymentPostprocessing = 0;
		};
		4993F0BF2171EA09004FC73C /* Frameworks */ = {
			isa = PBXFrameworksBuildPhase;
			buildActionMask = 2147483647;
			files = (
			);
			runOnlyForDeploymentPostprocessing = 0;
		};
/* End PBXFrameworksBuildPhase section */

/* Begin PBXGroup section */
		4993F0972171EA05004FC73C = {
			isa = PBXGroup;
			children = (
				4993F0A22171EA05004FC73C /* Weather */,
				4993F0BA2171EA09004FC73C /* WeatherTests */,
				4993F0C52171EA09004FC73C /* WeatherUITests */,
				4993F0A12171EA05004FC73C /* Products */,
			);
			sourceTree = "<group>";
		};
		4993F0A12171EA05004FC73C /* Products */ = {
			isa = PBXGroup;
			children = (
				4993F0A02171EA05004FC73C /* Weather.app */,
				4993F0B72171EA09004FC73C /* WeatherTests.xctest */,
				4993F0C22171EA09004FC73C /* WeatherUITests.xctest */,
			);
			name = Products;
			sourceTree = "<group>";
		};
		4993F0A22171EA05004FC73C /* Weather */ = {
			isa = PBXGroup;
			children = (
				4993F0A32171EA05004FC73C /* AppDelegate.swift */,
				4993F0A52171EA05004FC73C /* ViewController.swift */,
				4993F0D42171FD1C004FC73C /* DayWeather.swift */,
				4993F0A72171EA05004FC73C /* Main.storyboard */,
				4993F0AD2171EA09004FC73C /* Assets.xcassets */,
				4993F0AF2171EA09004FC73C /* LaunchScreen.storyboard */,
				4993F0B22171EA09004FC73C /* Info.plist */,
				4993F0AA2171EA05004FC73C /* Weather.xcdatamodeld */,
			);
			path = Weather;
			sourceTree = "<group>";
		};
		4993F0BA2171EA09004FC73C /* WeatherTests */ = {
			isa = PBXGroup;
			children = (
				4993F0BB2171EA09004FC73C /* WeatherTests.swift */,
				4993F0BD2171EA09004FC73C /* Info.plist */,
			);
			path = WeatherTests;
			sourceTree = "<group>";
		};
		4993F0C52171EA09004FC73C /* WeatherUITests */ = {
			isa = PBXGroup;
			children = (
				4993F0C62171EA0A004FC73C /* WeatherUITests.swift */,
				4993F0C82171EA0A004FC73C /* Info.plist */,
			);
			path = WeatherUITests;
			sourceTree = "<group>";
		};
/* End PBXGroup section */

/* Begin PBXNativeTarget section */
		4993F09F2171EA05004FC73C /* Weather */ = {
			isa = PBXNativeTarget;
			buildConfigurationList = 4993F0CB2171EA0A004FC73C /* Build configuration list for PBXNativeTarget "Weather" */;
			buildPhases = (
				4993F09C2171EA05004FC73C /* Sources */,
				4993F09D2171EA05004FC73C /* Frameworks */,
				4993F09E2171EA05004FC73C /* Resources */,
			);
			buildRules = (
			);
			dependencies = (
			);
			name = Weather;
			productName = Weather;
			productReference = 4993F0A02171EA05004FC73C /* Weather.app */;
			productType = "com.apple.product-type.application";
		};
		4993F0B62171EA09004FC73C /* WeatherTests */ = {
			isa = PBXNativeTarget;
			buildConfigurationList = 4993F0CE2171EA0A004FC73C /* Build configuration list for PBXNativeTarget "WeatherTests" */;
			buildPhases = (
				4993F0B32171EA09004FC73C /* Sources */,
				4993F0B42171EA09004FC73C /* Frameworks */,
				4993F0B52171EA09004FC73C /* Resources */,
			);
			buildRules = (
			);
			dependencies = (
				4993F0B92171EA09004FC73C /* PBXTargetDependency */,
			);
			name = WeatherTests;
			productName = WeatherTests;
			productReference = 4993F0B72171EA09004FC73C /* WeatherTests.xctest */;
			productType = "com.apple.product-type.bundle.unit-test";
		};
		4993F0C12171EA09004FC73C /* WeatherUITests */ = {
			isa = PBXNativeTarget;
			buildConfigurationList = 4993F0D12171EA0A004FC73C /* Build configuration list for PBXNativeTarget "WeatherUITests" */;
			buildPhases = (
				4993F0BE2171EA09004FC73C /* Sources */,
				4993F0BF2171EA09004FC73C /* Frameworks */,
				4993F0C02171EA09004FC73C /* Resources */,
			);
			buildRules = (
			);
			dependencies = (
				4993F0C42171EA09004FC73C /* PBXTargetDependency */,
			);
			name = WeatherUITests;
			productName = WeatherUITests;
			productReference = 4993F0C22171EA09004FC73C /* WeatherUITests.xctest */;
			productType = "com.apple.product-type.bundle.ui-testing";
		};
/* End PBXNativeTarget section */

/* Begin PBXProject section */
		4993F0982171EA05004FC73C /* Project object */ = {
			isa = PBXProject;
			attributes = {
				LastSwiftUpdateCheck = 1000;
				LastUpgradeCheck = 1000;
				ORGANIZATIONNAME = KacperSzalwa;
				TargetAttributes = {
					4993F09F2171EA05004FC73C = {
						CreatedOnToolsVersion = 10.0;
					};
					4993F0B62171EA09004FC73C = {
						CreatedOnToolsVersion = 10.0;
						TestTargetID = 4993F09F2171EA05004FC73C;
					};
					4993F0C12171EA09004FC73C = {
						CreatedOnToolsVersion = 10.0;
						TestTargetID = 4993F09F2171EA05004FC73C;
					};
				};
			};
			buildConfigurationList = 4993F09B2171EA05004FC73C /* Build configuration list for PBXProject "Weather" */;
			compatibilityVersion = "Xcode 9.3";
			developmentRegion = en;
			hasScannedForEncodings = 0;
			knownRegions = (
				en,
				Base,
			);
			mainGroup = 4993F0972171EA05004FC73C;
			productRefGroup = 4993F0A12171EA05004FC73C /* Products */;
			projectDirPath = "";
			projectRoot = "";
			targets = (
				4993F09F2171EA05004FC73C /* Weather */,
				4993F0B62171EA09004FC73C /* WeatherTests */,
				4993F0C12171EA09004FC73C /* WeatherUITests */,
			);
		};
/* End PBXProject section */

/* Begin PBXResourcesBuildPhase section */
		4993F09E2171EA05004FC73C /* Resources */ = {
			isa = PBXResourcesBuildPhase;
			buildActionMask = 2147483647;
			files = (
				4993F0B12171EA09004FC73C /* LaunchScreen.storyboard in Resources */,
				4993F0AE2171EA09004FC73C /* Assets.xcassets in Resources */,
				4993F0A92171EA05004FC73C /* Main.storyboard in Resources */,
			);
			runOnlyForDeploymentPostprocessing = 0;
		};
		4993F0B52171EA09004FC73C /* Resources */ = {
			isa = PBXResourcesBuildPhase;
			buildActionMask = 2147483647;
			files = (
			);
			runOnlyForDeploymentPostprocessing = 0;
		};
		4993F0C02171EA09004FC73C /* Resources */ = {
			isa = PBXResourcesBuildPhase;
			buildActionMask = 2147483647;
			files = (
			);
			runOnlyForDeploymentPostprocessing = 0;
		};
/* End PBXResourcesBuildPhase section */

/* Begin PBXSourcesBuildPhase section */
		4993F09C2171EA05004FC73C /* Sources */ = {
			isa = PBXSourcesBuildPhase;
			buildActionMask = 2147483647;
			files = (
				4993F0AC2171EA05004FC73C /* Weather.xcdatamodeld in Sources */,
				4993F0D52171FD1C004FC73C /* DayWeather.swift in Sources */,
				4993F0A62171EA05004FC73C /* ViewController.swift in Sources */,
				4993F0A42171EA05004FC73C /* AppDelegate.swift in Sources */,
			);
			runOnlyForDeploymentPostprocessing = 0;
		};
		4993F0B32171EA09004FC73C /* Sources */ = {
			isa = PBXSourcesBuildPhase;
			buildActionMask = 2147483647;
			files = (
				4993F0BC2171EA09004FC73C /* WeatherTests.swift in Sources */,
			);
			runOnlyForDeploymentPostprocessing = 0;
		};
		4993F0BE2171EA09004FC73C /* Sources */ = {
			isa = PBXSourcesBuildPhase;
			buildActionMask = 2147483647;
			files = (
				4993F0C72171EA0A004FC73C /* WeatherUITests.swift in Sources */,
			);
			runOnlyForDeploymentPostprocessing = 0;
		};
/* End PBXSourcesBuildPhase section */

/* Begin PBXTargetDependency section */
		4993F0B92171EA09004FC73C /* PBXTargetDependency */ = {
			isa = PBXTargetDependency;
			target = 4993F09F2171EA05004FC73C /* Weather */;
			targetProxy = 4993F0B82171EA09004FC73C /* PBXContainerItemProxy */;
		};
		4993F0C42171EA09004FC73C /* PBXTargetDependency */ = {
			isa = PBXTargetDependency;
			target = 4993F09F2171EA05004FC73C /* Weather */;
			targetProxy = 4993F0C32171EA09004FC73C /* PBXContainerItemProxy */;
		};
/* End PBXTargetDependency section */

/* Begin PBXVariantGroup section */
		4993F0A72171EA05004FC73C /* Main.storyboard */ = {
			isa = PBXVariantGroup;
			children = (
				4993F0A82171EA05004FC73C /* Base */,
			);
			name = Main.storyboard;
			sourceTree = "<group>";
		};
		4993F0AF2171EA09004FC73C /* LaunchScreen.storyboard */ = {
			isa = PBXVariantGroup;
			children = (
				4993F0B02171EA09004FC73C /* Base */,
			);
			name = LaunchScreen.storyboard;
			sourceTree = "<group>";
		};
/* End PBXVariantGroup section */

/* Begin XCBuildConfiguration section */
		4993F0C92171EA0A004FC73C /* Debug */ = {
			isa = XCBuildConfiguration;
			buildSettings = {
				ALWAYS_SEARCH_USER_PATHS = NO;
				CLANG_ANALYZER_NONNULL = YES;
				CLANG_ANALYZER_NUMBER_OBJECT_CONVERSION = YES_AGGRESSIVE;
				CLANG_CXX_LANGUAGE_STANDARD = "gnu++14";
				CLANG_CXX_LIBRARY = "libc++";
				CLANG_ENABLE_MODULES = YES;
				CLANG_ENABLE_OBJC_ARC = YES;
				CLANG_ENABLE_OBJC_WEAK = YES;
				CLANG_WARN_BLOCK_CAPTURE_AUTORELEASING = YES;
				CLANG_WARN_BOOL_CONVERSION = YES;
				CLANG_WARN_COMMA = YES;
				CLANG_WARN_CONSTANT_CONVERSION = YES;
				CLANG_WARN_DEPRECATED_OBJC_IMPLEMENTATIONS = YES;
				CLANG_WARN_DIRECT_OBJC_ISA_USAGE = YES_ERROR;
				CLANG_WARN_DOCUMENTATION_COMMENTS = YES;
				CLANG_WARN_EMPTY_BODY = YES;
				CLANG_WARN_ENUM_CONVERSION = YES;
				CLANG_WARN_INFINITE_RECURSION = YES;
				CLANG_WARN_INT_CONVERSION = YES;
				CLANG_WARN_NON_LITERAL_NULL_CONVERSION = YES;
				CLANG_WARN_OBJC_IMPLICIT_RETAIN_SELF = YES;
				CLANG_WARN_OBJC_LITERAL_CONVERSION = YES;
				CLANG_WARN_OBJC_ROOT_CLASS = YES_ERROR;
				CLANG_WARN_RANGE_LOOP_ANALYSIS = YES;
				CLANG_WARN_STRICT_PROTOTYPES = YES;
				CLANG_WARN_SUSPICIOUS_MOVE = YES;
				CLANG_WARN_UNGUARDED_AVAILABILITY = YES_AGGRESSIVE;
				CLANG_WARN_UNREACHABLE_CODE = YES;
				CLANG_WARN__DUPLICATE_METHOD_MATCH = YES;
				CODE_SIGN_IDENTITY = "iPhone Developer";
				COPY_PHASE_STRIP = NO;
				DEBUG_INFORMATION_FORMAT = dwarf;
				ENABLE_STRICT_OBJC_MSGSEND = YES;
				ENABLE_TESTABILITY = YES;
				GCC_C_LANGUAGE_STANDARD = gnu11;
				GCC_DYNAMIC_NO_PIC = NO;
				GCC_NO_COMMON_BLOCKS = YES;
				GCC_OPTIMIZATION_LEVEL = 0;
				GCC_PREPROCESSOR_DEFINITIONS = (
					"DEBUG=1",
					"$(inherited)",
				);
				GCC_WARN_64_TO_32_BIT_CONVERSION = YES;
				GCC_WARN_ABOUT_RETURN_TYPE = YES_ERROR;
				GCC_WARN_UNDECLARED_SELECTOR = YES;
				GCC_WARN_UNINITIALIZED_AUTOS = YES_AGGRESSIVE;
				GCC_WARN_UNUSED_FUNCTION = YES;
				GCC_WARN_UNUSED_VARIABLE = YES;
				IPHONEOS_DEPLOYMENT_TARGET = 12.0;
				MTL_ENABLE_DEBUG_INFO = INCLUDE_SOURCE;
				MTL_FAST_MATH = YES;
				ONLY_ACTIVE_ARCH = YES;
				SDKROOT = iphoneos;
				SWIFT_ACTIVE_COMPILATION_CONDITIONS = DEBUG;
				SWIFT_OPTIMIZATION_LEVEL = "-Onone";
			};
			name = Debug;
		};
		4993F0CA2171EA0A004FC73C /* Release */ = {
			isa = XCBuildConfiguration;
			buildSettings = {
				ALWAYS_SEARCH_USER_PATHS = NO;
				CLANG_ANALYZER_NONNULL = YES;
				CLANG_ANALYZER_NUMBER_OBJECT_CONVERSION = YES_AGGRESSIVE;
				CLANG_CXX_LANGUAGE_STANDARD = "gnu++14";
				CLANG_CXX_LIBRARY = "libc++";
				CLANG_ENABLE_MODULES = YES;
				CLANG_ENABLE_OBJC_ARC = YES;
				CLANG_ENABLE_OBJC_WEAK = YES;
				CLANG_WARN_BLOCK_CAPTURE_AUTORELEASING = YES;
				CLANG_WARN_BOOL_CONVERSION = YES;
				CLANG_WARN_COMMA = YES;
				CLANG_WARN_CONSTANT_CONVERSION = YES;
				CLANG_WARN_DEPRECATED_OBJC_IMPLEMENTATIONS = YES;
				CLANG_WARN_DIRECT_OBJC_ISA_USAGE = YES_ERROR;
				CLANG_WARN_DOCUMENTATION_COMMENTS = YES;
				CLANG_WARN_EMPTY_BODY = YES;
				CLANG_WARN_ENUM_CONVERSION = YES;
				CLANG_WARN_INFINITE_RECURSION = YES;
				CLANG_WARN_INT_CONVERSION = YES;
				CLANG_WARN_NON_LITERAL_NULL_CONVERSION = YES;
				CLANG_WARN_OBJC_IMPLICIT_RETAIN_SELF = YES;
				CLANG_WARN_OBJC_LITERAL_CONVERSION = YES;
				CLANG_WARN_OBJC_ROOT_CLASS = YES_ERROR;
				CLANG_WARN_RANGE_LOOP_ANALYSIS = YES;
				CLANG_WARN_STRICT_PROTOTYPES = YES;
				CLANG_WARN_SUSPICIOUS_MOVE = YES;
				CLANG_WARN_UNGUARDED_AVAILABILITY = YES_AGGRESSIVE;
				CLANG_WARN_UNREACHABLE_CODE = YES;
				CLANG_WARN__DUPLICATE_METHOD_MATCH = YES;
				CODE_SIGN_IDENTITY = "iPhone Developer";
				COPY_PHASE_STRIP = NO;
				DEBUG_INFORMATION_FORMAT = "dwarf-with-dsym";
				ENABLE_NS_ASSERTIONS = NO;
				ENABLE_STRICT_OBJC_MSGSEND = YES;
				GCC_C_LANGUAGE_STANDARD = gnu11;
				GCC_NO_COMMON_BLOCKS = YES;
				GCC_WARN_64_TO_32_BIT_CONVERSION = YES;
				GCC_WARN_ABOUT_RETURN_TYPE = YES_ERROR;
				GCC_WARN_UNDECLARED_SELECTOR = YES;
				GCC_WARN_UNINITIALIZED_AUTOS = YES_AGGRESSIVE;
				GCC_WARN_UNUSED_FUNCTION = YES;
				GCC_WARN_UNUSED_VARIABLE = YES;
				IPHONEOS_DEPLOYMENT_TARGET = 12.0;
				MTL_ENABLE_DEBUG_INFO = NO;
				MTL_FAST_MATH = YES;
				SDKROOT = iphoneos;
				SWIFT_COMPILATION_MODE = wholemodule;
				SWIFT_OPTIMIZATION_LEVEL = "-O";
				VALIDATE_PRODUCT = YES;
			};
			name = Release;
		};
		4993F0CC2171EA0A004FC73C /* Debug */ = {
			isa = XCBuildConfiguration;
			buildSettings = {
				ASSETCATALOG_COMPILER_APPICON_NAME = AppIcon;
				CODE_SIGN_STYLE = Automatic;
				INFOPLIST_FILE = Weather/Info.plist;
				LD_RUNPATH_SEARCH_PATHS = (
					"$(inherited)",
					"@executable_path/Frameworks",
				);
				PRODUCT_BUNDLE_IDENTIFIER = KacperSzalwa.Weather;
				PRODUCT_NAME = "$(TARGET_NAME)";
				SWIFT_VERSION = 4.2;
				TARGETED_DEVICE_FAMILY = "1,2";
			};
			name = Debug;
		};
		4993F0CD2171EA0A004FC73C /* Release */ = {
			isa = XCBuildConfiguration;
			buildSettings = {
				ASSETCATALOG_COMPILER_APPICON_NAME = AppIcon;
				CODE_SIGN_STYLE = Automatic;
				INFOPLIST_FILE = Weather/Info.plist;
				LD_RUNPATH_SEARCH_PATHS = (
					"$(inherited)",
					"@executable_path/Frameworks",
				);
				PRODUCT_BUNDLE_IDENTIFIER = KacperSzalwa.Weather;
				PRODUCT_NAME = "$(TARGET_NAME)";
				SWIFT_VERSION = 4.2;
				TARGETED_DEVICE_FAMILY = "1,2";
			};
			name = Release;
		};
		4993F0CF2171EA0A004FC73C /* Debug */ = {
			isa = XCBuildConfiguration;
			buildSettings = {
				ALWAYS_EMBED_SWIFT_STANDARD_LIBRARIES = YES;
				BUNDLE_LOADER = "$(TEST_HOST)";
				CODE_SIGN_STYLE = Automatic;
				INFOPLIST_FILE = WeatherTests/Info.plist;
				LD_RUNPATH_SEARCH_PATHS = (
					"$(inherited)",
					"@executable_path/Frameworks",
					"@loader_path/Frameworks",
				);
				PRODUCT_BUNDLE_IDENTIFIER = KacperSzalwa.WeatherTests;
				PRODUCT_NAME = "$(TARGET_NAME)";
				SWIFT_VERSION = 4.2;
				TARGETED_DEVICE_FAMILY = "1,2";
				TEST_HOST = "$(BUILT_PRODUCTS_DIR)/Weather.app/Weather";
			};
			name = Debug;
		};
		4993F0D02171EA0A004FC73C /* Release */ = {
			isa = XCBuildConfiguration;
			buildSettings = {
				ALWAYS_EMBED_SWIFT_STANDARD_LIBRARIES = YES;
				BUNDLE_LOADER = "$(TEST_HOST)";
				CODE_SIGN_STYLE = Automatic;
				INFOPLIST_FILE = WeatherTests/Info.plist;
				LD_RUNPATH_SEARCH_PATHS = (
					"$(inherited)",
					"@executable_path/Frameworks",
					"@loader_path/Frameworks",
				);
				PRODUCT_BUNDLE_IDENTIFIER = KacperSzalwa.WeatherTests;
				PRODUCT_NAME = "$(TARGET_NAME)";
				SWIFT_VERSION = 4.2;
				TARGETED_DEVICE_FAMILY = "1,2";
				TEST_HOST = "$(BUILT_PRODUCTS_DIR)/Weather.app/Weather";
			};
			name = Release;
		};
		4993F0D22171EA0A004FC73C /* Debug */ = {
			isa = XCBuildConfiguration;
			buildSettings = {
				ALWAYS_EMBED_SWIFT_STANDARD_LIBRARIES = YES;
				CODE_SIGN_STYLE = Automatic;
				INFOPLIST_FILE = WeatherUITests/Info.plist;
				LD_RUNPATH_SEARCH_PATHS = (
					"$(inherited)",
					"@executable_path/Frameworks",
					"@loader_path/Frameworks",
				);
				PRODUCT_BUNDLE_IDENTIFIER = KacperSzalwa.WeatherUITests;
				PRODUCT_NAME = "$(TARGET_NAME)";
				SWIFT_VERSION = 4.2;
				TARGETED_DEVICE_FAMILY = "1,2";
				TEST_TARGET_NAME = Weather;
			};
			name = Debug;
		};
		4993F0D32171EA0A004FC73C /* Release */ = {
			isa = XCBuildConfiguration;
			buildSettings = {
				ALWAYS_EMBED_SWIFT_STANDARD_LIBRARIES = YES;
				CODE_SIGN_STYLE = Automatic;
				INFOPLIST_FILE = WeatherUITests/Info.plist;
				LD_RUNPATH_SEARCH_PATHS = (
					"$(inherited)",
					"@executable_path/Frameworks",
					"@loader_path/Frameworks",
				);
				PRODUCT_BUNDLE_IDENTIFIER = KacperSzalwa.WeatherUITests;
				PRODUCT_NAME = "$(TARGET_NAME)";
				SWIFT_VERSION = 4.2;
				TARGETED_DEVICE_FAMILY = "1,2";
				TEST_TARGET_NAME = Weather;
			};
			name = Release;
		};
/* End XCBuildConfiguration section */

/* Begin XCConfigurationList section */
		4993F09B2171EA05004FC73C /* Build configuration list for PBXProject "Weather" */ = {
			isa = XCConfigurationList;
			buildConfigurations = (
				4993F0C92171EA0A004FC73C /* Debug */,
				4993F0CA2171EA0A004FC73C /* Release */,
			);
			defaultConfigurationIsVisible = 0;
			defaultConfigurationName = Release;
		};
		4993F0CB2171EA0A004FC73C /* Build configuration list for PBXNativeTarget "Weather" */ = {
			isa = XCConfigurationList;
			buildConfigurations = (
				4993F0CC2171EA0A004FC73C /* Debug */,
				4993F0CD2171EA0A004FC73C /* Release */,
			);
			defaultConfigurationIsVisible = 0;
			defaultConfigurationName = Release;
		};
		4993F0CE2171EA0A004FC73C /* Build configuration list for PBXNativeTarget "WeatherTests" */ = {
			isa = XCConfigurationList;
			buildConfigurations = (
				4993F0CF2171EA0A004FC73C /* Debug */,
				4993F0D02171EA0A004FC73C /* Release */,
			);
			defaultConfigurationIsVisible = 0;
			defaultConfigurationName = Release;
		};
		4993F0D12171EA0A004FC73C /* Build configuration list for PBXNativeTarget "WeatherUITests" */ = {
			isa = XCConfigurationList;
			buildConfigurations = (
				4993F0D22171EA0A004FC73C /* Debug */,
				4993F0D32171EA0A004FC73C /* Release */,
			);
			defaultConfigurationIsVisible = 0;
			defaultConfigurationName = Release;
		};
/* End XCConfigurationList section */

/* Begin XCVersionGroup section */
		4993F0AA2171EA05004FC73C /* Weather.xcdatamodeld */ = {
			isa = XCVersionGroup;
			children = (
				4993F0AB2171EA05004FC73C /* Weather.xcdatamodel */,
			);
			currentVersion = 4993F0AB2171EA05004FC73C /* Weather.xcdatamodel */;
			path = Weather.xcdatamodeld;
			sourceTree = "<group>";
			versionGroupType = wrapper.xcdatamodel;
		};
/* End XCVersionGroup section */
	};
	rootObject = 4993F0982171EA05004FC73C /* Project object */;
}
